
Microsoft Visual Studio Solution File, Format Version 12.00
# Visual Studio Version 17
VisualStudioVersion = 17.8.34316.72
MinimumVisualStudioVersion = 10.0.40219.1
Project("{FAE04EC0-301F-11D3-BF4B-00C04F79EFBC}") = "snake", "snake\snake.csproj", "{D0FD0C3E-D19E-4377-979F-446E86768C8C}"
EndProject
Global
	GlobalSection(SolutionConfigurationPlatforms) = preSolution
		Debug|Any CPU = Debug|Any CPU
		Release|Any CPU = Release|Any CPU
	EndGlobalSection
	GlobalSection(ProjectConfigurationPlatforms) = postSolution
		{D0FD0C3E-D19E-4377-979F-446E86768C8C}.Debug|Any CPU.ActiveCfg = Debug|Any CPU
		{D0FD0C3E-D19E-4377-979F-446E86768C8C}.Debug|Any CPU.Build.0 = Debug|Any CPU
		{D0FD0C3E-D19E-4377-979F-446E86768C8C}.Release|Any CPU.ActiveCfg = Release|Any CPU
		{D0FD0C3E-D19E-4377-979F-446E86768C8C}.Release|Any CPU.Build.0 = Release|Any CPU
	EndGlobalSection
	GlobalSection(SolutionProperties) = preSolution
		HideSolutionNode = FALSE
	EndGlobalSection
	GlobalSection(ExtensibilityGlobals) = postSolution
		SolutionGuid = {6EA50CD4-4716-4C72-92BB-92AF906BCE00}
	EndGlobalSection
EndGlobal
